lockfileVersion: '9.0'

settings:
  autoInstallPeers: true
  excludeLinksFromLockfile: false

importers:

  .:
    dependencies:
      '@nimpl/cache-adapter':
        specifier: latest
        version: 0.3.1
      '@nimpl/cache-in-memory':
        specifier: latest
        version: 0.3.2

packages:

  '@nimpl/cache-adapter@0.3.1':
    resolution: {integrity: sha512-lzMRQqpHsxlFq2lOT8lPYv8CEsaFP9QBP1+pXibBs0BeuX8iIkp4GeXvR5D0fzQQRCOhaodNzBw9gO0ND5ro0A==}

  '@nimpl/cache-in-memory@0.3.2':
    resolution: {integrity: sha512-//CAqxvoOIQeFXvOm8DjKNz11gaiWcmo3BckZPp8Yg7/xBbgBUuY0mPs9J2l1oAv7XJRFlFblJaa9vaDo437GA==}

snapshots:

  '@nimpl/cache-adapter@0.3.1': {}

  '@nimpl/cache-in-memory@0.3.2': {}
